{
	"name": "csvimport",
	"version": "1.0.0",
	"lockfileVersion": 3,
	"requires": true,
	"packages": {
		"": {
			"name": "csvimport",
			"version": "1.0.0",
			"dependencies": {
				"zcatalyst-sdk-node": "beta"
			}
		},
		"node_modules/zcatalyst-sdk-node": {
			"version": "3.0.0-beta.5",
			"resolved": "https://registry.npmjs.org/zcatalyst-sdk-node/-/zcatalyst-sdk-node-3.0.0-beta.5.tgz",
			"integrity": "sha512-mpyidF79hj4TfhDE0ff5DorSVq8P9XN82ku8OLZ2mbGR57lv3zguLeviJZhbyLdZw6X3K9UNJqYWCIa8YjqGSQ==",
			"license": "MIT",
			"engines": {
				"node": ">=10.0.0"
			}
		}
	}
}
